
Microsoft Visual Studio Solution File, Format Version 12.00
# Visual Studio Version 17
VisualStudioVersion = 17.7.34031.279
MinimumVisualStudioVersion = 10.0.40219.1
Project("{FAE04EC0-301F-11D3-BF4B-00C04F79EFBC}") = "Topic 5.5 Assignment", "Topic 5.5 Assignment\Topic 5.5 Assignment.csproj", "{D454120D-1205-4B22-884D-2161951899FD}"
EndProject
Global
	GlobalSection(SolutionConfigurationPlatforms) = preSolution
		Debug|Any CPU = Debug|Any CPU
		Release|Any CPU = Release|Any CPU
	EndGlobalSection
	GlobalSection(ProjectConfigurationPlatforms) = postSolution
		{D454120D-1205-4B22-884D-2161951899FD}.Debug|Any CPU.ActiveCfg = Debug|Any CPU
		{D454120D-1205-4B22-884D-2161951899FD}.Debug|Any CPU.Build.0 = Debug|Any CPU
		{D454120D-1205-4B22-884D-2161951899FD}.Release|Any CPU.ActiveCfg = Release|Any CPU
		{D454120D-1205-4B22-884D-2161951899FD}.Release|Any CPU.Build.0 = Release|Any CPU
	EndGlobalSection
	GlobalSection(SolutionProperties) = preSolution
		HideSolutionNode = FALSE
	EndGlobalSection
	GlobalSection(ExtensibilityGlobals) = postSolution
		SolutionGuid = {F53A4B73-2BBC-4674-99AD-7BAEE973A63D}
	EndGlobalSection
EndGlobal
